
Microsoft Visual Studio Solution File, Format Version 12.00
# Visual Studio Version 17
VisualStudioVersion = 17.3.32929.385
MinimumVisualStudioVersion = 10.0.40219.1
Project("{FAE04EC0-301F-11D3-BF4B-00C04F79EFBC}") = "Tehtävä", "Tehtävä\Tehtävä.csproj", "{3E5CB0CF-E81E-4419-B204-5D7220C28FFF}"
EndProject
Global
	GlobalSection(SolutionConfigurationPlatforms) = preSolution
		Debug|Any CPU = Debug|Any CPU
		Release|Any CPU = Release|Any CPU
	EndGlobalSection
	GlobalSection(ProjectConfigurationPlatforms) = postSolution
		{3E5CB0CF-E81E-4419-B204-5D7220C28FFF}.Debug|Any CPU.ActiveCfg = Debug|Any CPU
		{3E5CB0CF-E81E-4419-B204-5D7220C28FFF}.Debug|Any CPU.Build.0 = Debug|Any CPU
		{3E5CB0CF-E81E-4419-B204-5D7220C28FFF}.Release|Any CPU.ActiveCfg = Release|Any CPU
		{3E5CB0CF-E81E-4419-B204-5D7220C28FFF}.Release|Any CPU.Build.0 = Release|Any CPU
	EndGlobalSection
	GlobalSection(SolutionProperties) = preSolution
		HideSolutionNode = FALSE
	EndGlobalSection
	GlobalSection(ExtensibilityGlobals) = postSolution
		SolutionGuid = {9940CE4B-0EE6-45A1-9598-C2706CD3E324}
	EndGlobalSection
EndGlobal
