
Microsoft Visual Studio Solution File, Format Version 12.00
# Visual Studio Version 17
VisualStudioVersion = 17.1.32328.378
MinimumVisualStudioVersion = 10.0.40219.1
Project("{FAE04EC0-301F-11D3-BF4B-00C04F79EFBC}") = "LohikäärmeTehtävä", "LohikäärmeTehtävä\LohikäärmeTehtävä.csproj", "{B2641182-FEB1-4318-B6E8-8452368F4A98}"
EndProject
Global
	GlobalSection(SolutionConfigurationPlatforms) = preSolution
		Debug|Any CPU = Debug|Any CPU
		Release|Any CPU = Release|Any CPU
	EndGlobalSection
	GlobalSection(ProjectConfigurationPlatforms) = postSolution
		{B2641182-FEB1-4318-B6E8-8452368F4A98}.Debug|Any CPU.ActiveCfg = Debug|Any CPU
		{B2641182-FEB1-4318-B6E8-8452368F4A98}.Debug|Any CPU.Build.0 = Debug|Any CPU
		{B2641182-FEB1-4318-B6E8-8452368F4A98}.Release|Any CPU.ActiveCfg = Release|Any CPU
		{B2641182-FEB1-4318-B6E8-8452368F4A98}.Release|Any CPU.Build.0 = Release|Any CPU
	EndGlobalSection
	GlobalSection(SolutionProperties) = preSolution
		HideSolutionNode = FALSE
	EndGlobalSection
	GlobalSection(ExtensibilityGlobals) = postSolution
		SolutionGuid = {3986FB86-BD47-43E0-8BD8-86978014367B}
	EndGlobalSection
EndGlobal
